// !$*UTF8*$!
{
	archiveVersion = 1;
	classes = {
	};
	objectVersion = 46;
	objects = {

/* Begin PBXBuildFile section */
		65BBAAFD1C80134200B3A42B /* AppDelegate.swift in Sources */ = {isa = PBXBuildFile; fileRef = 65BBAAFC1C80134200B3A42B /* AppDelegate.swift */; };
		65BBAAFF1C80134200B3A42B /* ViewController.swift in Sources */ = {isa = PBXBuildFile; fileRef = 65BBAAFE1C80134200B3A42B /* ViewController.swift */; };
		65BBAB021C80134200B3A42B /* Main.storyboard in Resources */ = {isa = PBXBuildFile; fileRef = 65BBAB001C80134200B3A42B /* Main.storyboard */; };
		65BBAB041C80134200B3A42B /* Assets.xcassets in Resources */ = {isa = PBXBuildFile; fileRef = 65BBAB031C80134200B3A42B /* Assets.xcassets */; };
		65BBAB071C80134200B3A42B /* LaunchScreen.storyboard in Resources */ = {isa = PBXBuildFile; fileRef = 65BBAB051C80134200B3A42B /* LaunchScreen.storyboard */; };
/* End PBXBuildFile section */

/* Begin PBXFileReference section */
		65BBAAF91C80134200B3A42B /* ShotsImplementing.app */ = {isa = PBXFileReference; explicitFileType = wrapper.application; includeInIndex = 0; path = ShotsImplementing.app; sourceTree = BUILT_PRODUCTS_DIR; };
		65BBAAFC1C80134200B3A42B /* AppDelegate.swift */ = {isa = PBXFileReference; lastKnownFileType = sourcecode.swift; path = AppDelegate.swift; sourceTree = "<group>"; };
		65BBAAFE1C80134200B3A42B /* ViewController.swift */ = {isa = PBXFileReference; lastKnownFileType = sourcecode.swift; path = ViewController.swift; sourceTree = "<group>"; };
		65BBAB011C80134200B3A42B /* Base */ = {isa = PBXFileReference; lastKnownFileType = file.storyboard; name = Base; path = Base.lproj/Main.storyboard; sourceTree = "<group>"; };
		65BBAB031C80134200B3A42B /* Assets.xcassets */ = {isa = PBXFileReference; lastKnownFileType = folder.assetcatalog; path = Assets.xcassets; sourceTree = "<group>"; };
		65BBAB061C80134200B3A42B /* Base */ = {isa = PBXFileReference; lastKnownFileType = file.storyboard; name = Base; path = Base.lproj/LaunchScreen.storyboard; sourceTree = "<group>"; };
		65BBAB081C80134200B3A42B /* Info.plist */ = {isa = PBXFileReference; lastKnownFileType = text.plist.xml; path = Info.plist; sourceTree = "<group>"; };
/* End PBXFileReference section */

/* Begin PBXFrameworksBuildPhase section */
		65BBAAF61C80134200B3A42B /* Frameworks */ = {
			isa = PBXFrameworksBuildPhase;
			buildActionMask = 2147483647;
			files = (
			);
			runOnlyForDeploymentPostprocessing = 0;
		};
/* End PBXFrameworksBuildPhase section */

/* Begin PBXGroup section */
		65BBAAF01C80134200B3A42B = {
			isa = PBXGroup;
			children = (
				65BBAAFB1C80134200B3A42B /* ShotsImplementing */,
				65BBAAFA1C80134200B3A42B /* Products */,
			);
			sourceTree = "<group>";
		};
		65BBAAFA1C80134200B3A42B /* Products */ = {
			isa = PBXGroup;
			children = (
				65BBAAF91C80134200B3A42B /* ShotsImplementing.app */,
			);
			name = Products;
			sourceTree = "<group>";
		};
		65BBAAFB1C80134200B3A42B /* ShotsImplementing */ = {
			isa = PBXGroup;
			children = (
				65BBAAFC1C80134200B3A42B /* AppDelegate.swift */,
				65BBAAFE1C80134200B3A42B /* ViewController.swift */,
				65BBAB001C80134200B3A42B /* Main.storyboard */,
				65BBAB031C80134200B3A42B /* Assets.xcassets */,
				65BBAB051C80134200B3A42B /* LaunchScreen.storyboard */,
				65BBAB081C80134200B3A42B /* Info.plist */,
			);
			path = ShotsImplementing;
			sourceTree = "<group>";
		};
/* End PBXGroup section */

/* Begin PBXNativeTarget section */
		65BBAAF81C80134200B3A42B /* ShotsImplementing */ = {
			isa = PBXNativeTarget;
			buildConfigurationList = 65BBAB0B1C80134200B3A42B /* Build configuration list for PBXNativeTarget "ShotsImplementing" */;
			buildPhases = (
				65BBAAF51C80134200B3A42B /* Sources */,
				65BBAAF61C80134200B3A42B /* Frameworks */,
				65BBAAF71C80134200B3A42B /* Resources */,
			);
			buildRules = (
			);
			dependencies = (
			);
			name = ShotsImplementing;
			productName = ShotsImplementing;
			productReference = 65BBAAF91C80134200B3A42B /* ShotsImplementing.app */;
			productType = "com.apple.product-type.application";
		};
/* End PBXNativeTarget section */

/* Begin PBXProject section */
		65BBAAF11C80134200B3A42B /* Project object */ = {
			isa = PBXProject;
			attributes = {
				LastSwiftUpdateCheck = 0720;
				LastUpgradeCheck = 0720;
				ORGANIZATIONNAME = "Yohannes Wijaya";
				TargetAttributes = {
					65BBAAF81C80134200B3A42B = {
						CreatedOnToolsVersion = 7.2.1;
						DevelopmentTeam = 4Z5JKF2M6S;
					};
				};
			};
			buildConfigurationList = 65BBAAF41C80134200B3A42B /* Build configuration list for PBXProject "ShotsImplementing" */;
			compatibilityVersion = "Xcode 3.2";
			developmentRegion = English;
			hasScannedForEncodings = 0;
			knownRegions = (
				en,
				Base,
			);
			mainGroup = 65BBAAF01C80134200B3A42B;
			productRefGroup = 65BBAAFA1C80134200B3A42B /* Products */;
			projectDirPath = "";
			projectRoot = "";
			targets = (
				65BBAAF81C80134200B3A42B /* ShotsImplementing */,
			);
		};
/* End PBXProject section */

/* Begin PBXResourcesBuildPhase section */
		65BBAAF71C80134200B3A42B /* Resources */ = {
			isa = PBXResourcesBuildPhase;
			buildActionMask = 2147483647;
			files = (
				65BBAB071C80134200B3A42B /* LaunchScreen.storyboard in Resources */,
				65BBAB041C80134200B3A42B /* Assets.xcassets in Resources */,
				65BBAB021C80134200B3A42B /* Main.storyboard in Resources */,
			);
			runOnlyForDeploymentPostprocessing = 0;
		};
/* End PBXResourcesBuildPhase section */

/* Begin PBXSourcesBuildPhase section */
		65BBAAF51C80134200B3A42B /* Sources */ = {
			isa = PBXSourcesBuildPhase;
			buildActionMask = 2147483647;
			files = (
				65BBAAFF1C80134200B3A42B /* ViewController.swift in Sources */,
				65BBAAFD1C80134200B3A42B /* AppDelegate.swift in Sources */,
			);
			runOnlyForDeploymentPostprocessing = 0;
		};
/* End PBXSourcesBuildPhase section */

/* Begin PBXVariantGroup section */
		65BBAB001C80134200B3A42B /* Main.storyboard */ = {
			isa = PBXVariantGroup;
			children = (
				65BBAB011C80134200B3A42B /* Base */,
			);
			name = Main.storyboard;
			sourceTree = "<group>";
		};
		65BBAB051C80134200B3A42B /* LaunchScreen.storyboard */ = {
			isa = PBXVariantGroup;
			children = (
				65BBAB061C80134200B3A42B /* Base */,
			);
			name = LaunchScreen.storyboard;
			sourceTree = "<group>";
		};
/* End PBXVariantGroup section */

/* Begin XCBuildConfiguration section */
		65BBAB091C80134200B3A42B /* Debug */ = {
			isa = XCBuildConfiguration;
			buildSettings = {
				ALWAYS_SEARCH_USER_PATHS = NO;
				CLANG_CXX_LANGUAGE_STANDARD = "gnu++0x";
				CLANG_CXX_LIBRARY = "libc++";
				CLANG_ENABLE_MODULES = YES;
				CLANG_ENABLE_OBJC_ARC = YES;
				CLANG_WARN_BOOL_CONVERSION = YES;
				CLANG_WARN_CONSTANT_CONVERSION = YES;
				CLANG_WARN_DIRECT_OBJC_ISA_USAGE = YES_ERROR;
				CLANG_WARN_EMPTY_BODY = YES;
				CLANG_WARN_ENUM_CONVERSION = YES;
				CLANG_WARN_INT_CONVERSION = YES;
				CLANG_WARN_OBJC_ROOT_CLASS = YES_ERROR;
				CLANG_WARN_UNREACHABLE_CODE = YES;
				CLANG_WARN__DUPLICATE_METHOD_MATCH = YES;
				"CODE_SIGN_IDENTITY[sdk=iphoneos*]" = "iPhone Developer";
				COPY_PHASE_STRIP = NO;
				DEBUG_INFORMATION_FORMAT = dwarf;
				ENABLE_STRICT_OBJC_MSGSEND = YES;
				ENABLE_TESTABILITY = YES;
				GCC_C_LANGUAGE_STANDARD = gnu99;
				GCC_DYNAMIC_NO_PIC = NO;
				GCC_NO_COMMON_BLOCKS = YES;
				GCC_OPTIMIZATION_LEVEL = 0;
				GCC_PREPROCESSOR_DEFINITIONS = (
					"DEBUG=1",
					"$(inherited)",
				);
				GCC_WARN_64_TO_32_BIT_CONVERSION = YES;
				GCC_WARN_ABOUT_RETURN_TYPE = YES_ERROR;
				GCC_WARN_UNDECLARED_SELECTOR = YES;
				GCC_WARN_UNINITIALIZED_AUTOS = YES_AGGRESSIVE;
				GCC_WARN_UNUSED_FUNCTION = YES;
				GCC_WARN_UNUSED_VARIABLE = YES;
				IPHONEOS_DEPLOYMENT_TARGET = 9.2;
				MTL_ENABLE_DEBUG_INFO = YES;
				ONLY_ACTIVE_ARCH = YES;
				SDKROOT = iphoneos;
				SWIFT_OPTIMIZATION_LEVEL = "-Onone";
			};
			name = Debug;
		};
		65BBAB0A1C80134200B3A42B /* Release */ = {
			isa = XCBuildConfiguration;
			buildSettings = {
				ALWAYS_SEARCH_USER_PATHS = NO;
				CLANG_CXX_LANGUAGE_STANDARD = "gnu++0x";
				CLANG_CXX_LIBRARY = "libc++";
				CLANG_ENABLE_MODULES = YES;
				CLANG_ENABLE_OBJC_ARC = YES;
				CLANG_WARN_BOOL_CONVERSION = YES;
				CLANG_WARN_CONSTANT_CONVERSION = YES;
				CLANG_WARN_DIRECT_OBJC_ISA_USAGE = YES_ERROR;
				CLANG_WARN_EMPTY_BODY = YES;
				CLANG_WARN_ENUM_CONVERSION = YES;
				CLANG_WARN_INT_CONVERSION = YES;
				CLANG_WARN_OBJC_ROOT_CLASS = YES_ERROR;
				CLANG_WARN_UNREACHABLE_CODE = YES;
				CLANG_WARN__DUPLICATE_METHOD_MATCH = YES;
				"CODE_SIGN_IDENTITY[sdk=iphoneos*]" = "iPhone Developer";
				COPY_PHASE_STRIP = NO;
				DEBUG_INFORMATION_FORMAT = "dwarf-with-dsym";
				ENABLE_NS_ASSERTIONS = NO;
				ENABLE_STRICT_OBJC_MSGSEND = YES;
				GCC_C_LANGUAGE_STANDARD = gnu99;
				GCC_NO_COMMON_BLOCKS = YES;
				GCC_WARN_64_TO_32_BIT_CONVERSION = YES;
				GCC_WARN_ABOUT_RETURN_TYPE = YES_ERROR;
				GCC_WARN_UNDECLARED_SELECTOR = YES;
				GCC_WARN_UNINITIALIZED_AUTOS = YES_AGGRESSIVE;
				GCC_WARN_UNUSED_FUNCTION = YES;
				GCC_WARN_UNUSED_VARIABLE = YES;
				IPHONEOS_DEPLOYMENT_TARGET = 9.2;
				MTL_ENABLE_DEBUG_INFO = NO;
				SDKROOT = iphoneos;
				VALIDATE_PRODUCT = YES;
			};
			name = Release;
		};
		65BBAB0C1C80134200B3A42B /* Debug */ = {
			isa = XCBuildConfiguration;
			buildSettings = {
				ASSETCATALOG_COMPILER_APPICON_NAME = AppIcon;
				INFOPLIST_FILE = ShotsImplementing/Info.plist;
				LD_RUNPATH_SEARCH_PATHS = "$(inherited) @executable_path/Frameworks";
				PRODUCT_BUNDLE_IDENTIFIER = self.fearless.ShotsImplementing;
				PRODUCT_NAME = "$(TARGET_NAME)";
			};
			name = Debug;
		};
		65BBAB0D1C80134200B3A42B /* Release */ = {
			isa = XCBuildConfiguration;
			buildSettings = {
				ASSETCATALOG_COMPILER_APPICON_NAME = AppIcon;
				INFOPLIST_FILE = ShotsImplementing/Info.plist;
				LD_RUNPATH_SEARCH_PATHS = "$(inherited) @executable_path/Frameworks";
				PRODUCT_BUNDLE_IDENTIFIER = self.fearless.ShotsImplementing;
				PRODUCT_NAME = "$(TARGET_NAME)";
			};
			name = Release;
		};
/* End XCBuildConfiguration section */

/* Begin XCConfigurationList section */
		65BBAAF41C80134200B3A42B /* Build configuration list for PBXProject "ShotsImplementing" */ = {
			isa = XCConfigurationList;
			buildConfigurations = (
				65BBAB091C80134200B3A42B /* Debug */,
				65BBAB0A1C80134200B3A42B /* Release */,
			);
			defaultConfigurationIsVisible = 0;
			defaultConfigurationName = Release;
		};
		65BBAB0B1C80134200B3A42B /* Build configuration list for PBXNativeTarget "ShotsImplementing" */ = {
			isa = XCConfigurationList;
			buildConfigurations = (
				65BBAB0C1C80134200B3A42B /* Debug */,
				65BBAB0D1C80134200B3A42B /* Release */,
			);
			defaultConfigurationIsVisible = 0;
		};
/* End XCConfigurationList section */
	};
	rootObject = 65BBAAF11C80134200B3A42B /* Project object */;
}
