// !$*UTF8*$!
{
	archiveVersion = 1;
	classes = {
	};
	objectVersion = 46;
	objects = {

/* Begin PBXBuildFile section */
		65BBAAFD1C80134200B3A42B /* AppDelegate.swift in Sources */ = {isa = PBXBuildFile; fileRef = 65BBAAFC1C80134200B3A42B /* AppDelegate.swift */; };
		65BBAB021C80134200B3A42B /* Main.storyboard in Resources */ = {isa = PBXBuildFile; fileRef = 65BBAB001C80134200B3A42B /* Main.storyboard */; };
		65BBAB041C80134200B3A42B /* Assets.xcassets in Resources */ = {isa = PBXBuildFile; fileRef = 65BBAB031C80134200B3A42B /* Assets.xcassets */; };
		65BBAB071C80134200B3A42B /* LaunchScreen.storyboard in Resources */ = {isa = PBXBuildFile; fileRef = 65BBAB051C80134200B3A42B /* LaunchScreen.storyboard */; };
		65BBAB101C80156300B3A42B /* TipoType - Libertad.otf in Resources */ = {isa = PBXBuildFile; fileRef = 65BBAB0F1C80156300B3A42B /* TipoType - Libertad.otf */; };
		65DA4DFA1C849DE600E0DF96 /* HomeViewController.swift in Sources */ = {isa = PBXBuildFile; fileRef = 65DA4DF91C849DE600E0DF96 /* HomeViewController.swift */; };
		65E3832A1C913F2C00A5FC92 /* AsyncButton.swift in Sources */ = {isa = PBXBuildFile; fileRef = 65E3830C1C913F2C00A5FC92 /* AsyncButton.swift */; };
		65E3832B1C913F2C00A5FC92 /* AsyncImageView.swift in Sources */ = {isa = PBXBuildFile; fileRef = 65E3830D1C913F2C00A5FC92 /* AsyncImageView.swift */; };
		65E3832C1C913F2C00A5FC92 /* AutoTextView.swift in Sources */ = {isa = PBXBuildFile; fileRef = 65E3830E1C913F2C00A5FC92 /* AutoTextView.swift */; };
		65E3832D1C913F2C00A5FC92 /* BlurView.swift in Sources */ = {isa = PBXBuildFile; fileRef = 65E3830F1C913F2C00A5FC92 /* BlurView.swift */; };
		65E3832E1C913F2C00A5FC92 /* DesignableButton.swift in Sources */ = {isa = PBXBuildFile; fileRef = 65E383101C913F2C00A5FC92 /* DesignableButton.swift */; };
		65E3832F1C913F2C00A5FC92 /* DesignableImageView.swift in Sources */ = {isa = PBXBuildFile; fileRef = 65E383111C913F2C00A5FC92 /* DesignableImageView.swift */; };
		65E383301C913F2C00A5FC92 /* DesignableLabel.swift in Sources */ = {isa = PBXBuildFile; fileRef = 65E383121C913F2C00A5FC92 /* DesignableLabel.swift */; };
		65E383311C913F2C00A5FC92 /* DesignableTabBarController.swift in Sources */ = {isa = PBXBuildFile; fileRef = 65E383131C913F2C00A5FC92 /* DesignableTabBarController.swift */; };
		65E383321C913F2C00A5FC92 /* DesignableTextField.swift in Sources */ = {isa = PBXBuildFile; fileRef = 65E383141C913F2C00A5FC92 /* DesignableTextField.swift */; };
		65E383331C913F2C00A5FC92 /* DesignableTextView.swift in Sources */ = {isa = PBXBuildFile; fileRef = 65E383151C913F2C00A5FC92 /* DesignableTextView.swift */; };
		65E383341C913F2C00A5FC92 /* DesignableView.swift in Sources */ = {isa = PBXBuildFile; fileRef = 65E383161C913F2C00A5FC92 /* DesignableView.swift */; };
		65E383351C913F2C00A5FC92 /* ImageLoader.swift in Sources */ = {isa = PBXBuildFile; fileRef = 65E383171C913F2C00A5FC92 /* ImageLoader.swift */; };
		65E383361C913F2C00A5FC92 /* Info.plist in Resources */ = {isa = PBXBuildFile; fileRef = 65E383181C913F2C00A5FC92 /* Info.plist */; };
		65E383371C913F2C00A5FC92 /* KeyboardLayoutConstraint.swift in Sources */ = {isa = PBXBuildFile; fileRef = 65E383191C913F2C00A5FC92 /* KeyboardLayoutConstraint.swift */; };
		65E383381C913F2C00A5FC92 /* LoadingView.swift in Sources */ = {isa = PBXBuildFile; fileRef = 65E3831A1C913F2C00A5FC92 /* LoadingView.swift */; };
		65E383391C913F2C00A5FC92 /* LoadingView.xib in Resources */ = {isa = PBXBuildFile; fileRef = 65E3831B1C913F2C00A5FC92 /* LoadingView.xib */; };
		65E3833A1C913F2C00A5FC92 /* Misc.swift in Sources */ = {isa = PBXBuildFile; fileRef = 65E3831C1C913F2C00A5FC92 /* Misc.swift */; };
		65E3833B1C913F2C00A5FC92 /* SoundPlayer.swift in Sources */ = {isa = PBXBuildFile; fileRef = 65E3831D1C913F2C00A5FC92 /* SoundPlayer.swift */; };
		65E3833C1C913F2C00A5FC92 /* Spring.swift in Sources */ = {isa = PBXBuildFile; fileRef = 65E3831F1C913F2C00A5FC92 /* Spring.swift */; };
		65E3833D1C913F2C00A5FC92 /* SpringAnimation.swift in Sources */ = {isa = PBXBuildFile; fileRef = 65E383201C913F2C00A5FC92 /* SpringAnimation.swift */; };
		65E3833E1C913F2C00A5FC92 /* SpringButton.swift in Sources */ = {isa = PBXBuildFile; fileRef = 65E383211C913F2C00A5FC92 /* SpringButton.swift */; };
		65E3833F1C913F2C00A5FC92 /* SpringImageView.swift in Sources */ = {isa = PBXBuildFile; fileRef = 65E383221C913F2C00A5FC92 /* SpringImageView.swift */; };
		65E383401C913F2C00A5FC92 /* SpringLabel.swift in Sources */ = {isa = PBXBuildFile; fileRef = 65E383231C913F2C00A5FC92 /* SpringLabel.swift */; };
		65E383411C913F2C00A5FC92 /* SpringTextField.swift in Sources */ = {isa = PBXBuildFile; fileRef = 65E383241C913F2C00A5FC92 /* SpringTextField.swift */; };
		65E383421C913F2C00A5FC92 /* SpringTextView.swift in Sources */ = {isa = PBXBuildFile; fileRef = 65E383251C913F2C00A5FC92 /* SpringTextView.swift */; };
		65E383431C913F2C00A5FC92 /* SpringView.swift in Sources */ = {isa = PBXBuildFile; fileRef = 65E383261C913F2C00A5FC92 /* SpringView.swift */; };
		65E383441C913F2C00A5FC92 /* TransitionManager.swift in Sources */ = {isa = PBXBuildFile; fileRef = 65E383271C913F2C00A5FC92 /* TransitionManager.swift */; };
		65E383451C913F2C00A5FC92 /* TransitionZoom.swift in Sources */ = {isa = PBXBuildFile; fileRef = 65E383281C913F2C00A5FC92 /* TransitionZoom.swift */; };
		65E383461C913F2C00A5FC92 /* UnwindSegue.swift in Sources */ = {isa = PBXBuildFile; fileRef = 65E383291C913F2C00A5FC92 /* UnwindSegue.swift */; };
		65E383491C9162FF00A5FC92 /* DetailViewController.swift in Sources */ = {isa = PBXBuildFile; fileRef = 65E383481C9162FF00A5FC92 /* DetailViewController.swift */; };
/* End PBXBuildFile section */

/* Begin PBXFileReference section */
		65BBAAF91C80134200B3A42B /* ShotsImplementing.app */ = {isa = PBXFileReference; explicitFileType = wrapper.application; includeInIndex = 0; path = ShotsImplementing.app; sourceTree = BUILT_PRODUCTS_DIR; };
		65BBAAFC1C80134200B3A42B /* AppDelegate.swift */ = {isa = PBXFileReference; lastKnownFileType = sourcecode.swift; path = AppDelegate.swift; sourceTree = "<group>"; };
		65BBAB011C80134200B3A42B /* Base */ = {isa = PBXFileReference; lastKnownFileType = file.storyboard; name = Base; path = Base.lproj/Main.storyboard; sourceTree = "<group>"; };
		65BBAB031C80134200B3A42B /* Assets.xcassets */ = {isa = PBXFileReference; lastKnownFileType = folder.assetcatalog; path = Assets.xcassets; sourceTree = "<group>"; };
		65BBAB061C80134200B3A42B /* Base */ = {isa = PBXFileReference; lastKnownFileType = file.storyboard; name = Base; path = Base.lproj/LaunchScreen.storyboard; sourceTree = "<group>"; };
		65BBAB081C80134200B3A42B /* Info.plist */ = {isa = PBXFileReference; lastKnownFileType = text.plist.xml; path = Info.plist; sourceTree = "<group>"; };
		65BBAB0F1C80156300B3A42B /* TipoType - Libertad.otf */ = {isa = PBXFileReference; lastKnownFileType = file; path = "TipoType - Libertad.otf"; sourceTree = "<group>"; };
		65DA4DF91C849DE600E0DF96 /* HomeViewController.swift */ = {isa = PBXFileReference; fileEncoding = 4; lastKnownFileType = sourcecode.swift; path = HomeViewController.swift; sourceTree = "<group>"; };
		65E3830C1C913F2C00A5FC92 /* AsyncButton.swift */ = {isa = PBXFileReference; fileEncoding = 4; lastKnownFileType = sourcecode.swift; path = AsyncButton.swift; sourceTree = "<group>"; };
		65E3830D1C913F2C00A5FC92 /* AsyncImageView.swift */ = {isa = PBXFileReference; fileEncoding = 4; lastKnownFileType = sourcecode.swift; path = AsyncImageView.swift; sourceTree = "<group>"; };
		65E3830E1C913F2C00A5FC92 /* AutoTextView.swift */ = {isa = PBXFileReference; fileEncoding = 4; lastKnownFileType = sourcecode.swift; path = AutoTextView.swift; sourceTree = "<group>"; };
		65E3830F1C913F2C00A5FC92 /* BlurView.swift */ = {isa = PBXFileReference; fileEncoding = 4; lastKnownFileType = sourcecode.swift; path = BlurView.swift; sourceTree = "<group>"; };
		65E383101C913F2C00A5FC92 /* DesignableButton.swift */ = {isa = PBXFileReference; fileEncoding = 4; lastKnownFileType = sourcecode.swift; path = DesignableButton.swift; sourceTree = "<group>"; };
		65E383111C913F2C00A5FC92 /* DesignableImageView.swift */ = {isa = PBXFileReference; fileEncoding = 4; lastKnownFileType = sourcecode.swift; path = DesignableImageView.swift; sourceTree = "<group>"; };
		65E383121C913F2C00A5FC92 /* DesignableLabel.swift */ = {isa = PBXFileReference; fileEncoding = 4; lastKnownFileType = sourcecode.swift; path = DesignableLabel.swift; sourceTree = "<group>"; };
		65E383131C913F2C00A5FC92 /* DesignableTabBarController.swift */ = {isa = PBXFileReference; fileEncoding = 4; lastKnownFileType = sourcecode.swift; path = DesignableTabBarController.swift; sourceTree = "<group>"; };
		65E383141C913F2C00A5FC92 /* DesignableTextField.swift */ = {isa = PBXFileReference; fileEncoding = 4; lastKnownFileType = sourcecode.swift; path = DesignableTextField.swift; sourceTree = "<group>"; };
		65E383151C913F2C00A5FC92 /* DesignableTextView.swift */ = {isa = PBXFileReference; fileEncoding = 4; lastKnownFileType = sourcecode.swift; path = DesignableTextView.swift; sourceTree = "<group>"; };
		65E383161C913F2C00A5FC92 /* DesignableView.swift */ = {isa = PBXFileReference; fileEncoding = 4; lastKnownFileType = sourcecode.swift; path = DesignableView.swift; sourceTree = "<group>"; };
		65E383171C913F2C00A5FC92 /* ImageLoader.swift */ = {isa = PBXFileReference; fileEncoding = 4; lastKnownFileType = sourcecode.swift; path = ImageLoader.swift; sourceTree = "<group>"; };
		65E383181C913F2C00A5FC92 /* Info.plist */ = {isa = PBXFileReference; fileEncoding = 4; lastKnownFileType = text.plist.xml; path = Info.plist; sourceTree = "<group>"; };
		65E383191C913F2C00A5FC92 /* KeyboardLayoutConstraint.swift */ = {isa = PBXFileReference; fileEncoding = 4; lastKnownFileType = sourcecode.swift; path = KeyboardLayoutConstraint.swift; sourceTree = "<group>"; };
		65E3831A1C913F2C00A5FC92 /* LoadingView.swift */ = {isa = PBXFileReference; fileEncoding = 4; lastKnownFileType = sourcecode.swift; path = LoadingView.swift; sourceTree = "<group>"; };
		65E3831B1C913F2C00A5FC92 /* LoadingView.xib */ = {isa = PBXFileReference; fileEncoding = 4; lastKnownFileType = file.xib; path = LoadingView.xib; sourceTree = "<group>"; };
		65E3831C1C913F2C00A5FC92 /* Misc.swift */ = {isa = PBXFileReference; fileEncoding = 4; lastKnownFileType = sourcecode.swift; path = Misc.swift; sourceTree = "<group>"; };
		65E3831D1C913F2C00A5FC92 /* SoundPlayer.swift */ = {isa = PBXFileReference; fileEncoding = 4; lastKnownFileType = sourcecode.swift; path = SoundPlayer.swift; sourceTree = "<group>"; };
		65E3831E1C913F2C00A5FC92 /* Spring.h */ = {isa = PBXFileReference; fileEncoding = 4; lastKnownFileType = sourcecode.c.h; path = Spring.h; sourceTree = "<group>"; };
		65E3831F1C913F2C00A5FC92 /* Spring.swift */ = {isa = PBXFileReference; fileEncoding = 4; lastKnownFileType = sourcecode.swift; path = Spring.swift; sourceTree = "<group>"; };
		65E383201C913F2C00A5FC92 /* SpringAnimation.swift */ = {isa = PBXFileReference; fileEncoding = 4; lastKnownFileType = sourcecode.swift; path = SpringAnimation.swift; sourceTree = "<group>"; };
		65E383211C913F2C00A5FC92 /* SpringButton.swift */ = {isa = PBXFileReference; fileEncoding = 4; lastKnownFileType = sourcecode.swift; path = SpringButton.swift; sourceTree = "<group>"; };
		65E383221C913F2C00A5FC92 /* SpringImageView.swift */ = {isa = PBXFileReference; fileEncoding = 4; lastKnownFileType = sourcecode.swift; path = SpringImageView.swift; sourceTree = "<group>"; };
		65E383231C913F2C00A5FC92 /* SpringLabel.swift */ = {isa = PBXFileReference; fileEncoding = 4; lastKnownFileType = sourcecode.swift; path = SpringLabel.swift; sourceTree = "<group>"; };
		65E383241C913F2C00A5FC92 /* SpringTextField.swift */ = {isa = PBXFileReference; fileEncoding = 4; lastKnownFileType = sourcecode.swift; path = SpringTextField.swift; sourceTree = "<group>"; };
		65E383251C913F2C00A5FC92 /* SpringTextView.swift */ = {isa = PBXFileReference; fileEncoding = 4; lastKnownFileType = sourcecode.swift; path = SpringTextView.swift; sourceTree = "<group>"; };
		65E383261C913F2C00A5FC92 /* SpringView.swift */ = {isa = PBXFileReference; fileEncoding = 4; lastKnownFileType = sourcecode.swift; path = SpringView.swift; sourceTree = "<group>"; };
		65E383271C913F2C00A5FC92 /* TransitionManager.swift */ = {isa = PBXFileReference; fileEncoding = 4; lastKnownFileType = sourcecode.swift; path = TransitionManager.swift; sourceTree = "<group>"; };
		65E383281C913F2C00A5FC92 /* TransitionZoom.swift */ = {isa = PBXFileReference; fileEncoding = 4; lastKnownFileType = sourcecode.swift; path = TransitionZoom.swift; sourceTree = "<group>"; };
		65E383291C913F2C00A5FC92 /* UnwindSegue.swift */ = {isa = PBXFileReference; fileEncoding = 4; lastKnownFileType = sourcecode.swift; path = UnwindSegue.swift; sourceTree = "<group>"; };
		65E383481C9162FF00A5FC92 /* DetailViewController.swift */ = {isa = PBXFileReference; fileEncoding = 4; lastKnownFileType = sourcecode.swift; path = DetailViewController.swift; sourceTree = "<group>"; };
/* End PBXFileReference section */

/* Begin PBXFrameworksBuildPhase section */
		65BBAAF61C80134200B3A42B /* Frameworks */ = {
			isa = PBXFrameworksBuildPhase;
			buildActionMask = 2147483647;
			files = (
			);
			runOnlyForDeploymentPostprocessing = 0;
		};
/* End PBXFrameworksBuildPhase section */

/* Begin PBXGroup section */
		65BBAAF01C80134200B3A42B = {
			isa = PBXGroup;
			children = (
				65BBAAFB1C80134200B3A42B /* ShotsImplementing */,
				65E3830B1C913F2C00A5FC92 /* Spring */,
				65BBAAFA1C80134200B3A42B /* Products */,
			);
			sourceTree = "<group>";
		};
		65BBAAFA1C80134200B3A42B /* Products */ = {
			isa = PBXGroup;
			children = (
				65BBAAF91C80134200B3A42B /* ShotsImplementing.app */,
			);
			name = Products;
			sourceTree = "<group>";
		};
		65BBAAFB1C80134200B3A42B /* ShotsImplementing */ = {
			isa = PBXGroup;
			children = (
				65BBAAFC1C80134200B3A42B /* AppDelegate.swift */,
				65DA4DF91C849DE600E0DF96 /* HomeViewController.swift */,
				65E383481C9162FF00A5FC92 /* DetailViewController.swift */,
				65BBAB001C80134200B3A42B /* Main.storyboard */,
				65BBAB031C80134200B3A42B /* Assets.xcassets */,
				65BBAB051C80134200B3A42B /* LaunchScreen.storyboard */,
				65BBAB081C80134200B3A42B /* Info.plist */,
				65BBAB0E1C80156300B3A42B /* font */,
			);
			path = ShotsImplementing;
			sourceTree = "<group>";
		};
		65BBAB0E1C80156300B3A42B /* font */ = {
			isa = PBXGroup;
			children = (
				65BBAB0F1C80156300B3A42B /* TipoType - Libertad.otf */,
			);
			path = font;
			sourceTree = "<group>";
		};
		65E3830B1C913F2C00A5FC92 /* Spring */ = {
			isa = PBXGroup;
			children = (
				65E3830C1C913F2C00A5FC92 /* AsyncButton.swift */,
				65E3830D1C913F2C00A5FC92 /* AsyncImageView.swift */,
				65E3830E1C913F2C00A5FC92 /* AutoTextView.swift */,
				65E3830F1C913F2C00A5FC92 /* BlurView.swift */,
				65E383101C913F2C00A5FC92 /* DesignableButton.swift */,
				65E383111C913F2C00A5FC92 /* DesignableImageView.swift */,
				65E383121C913F2C00A5FC92 /* DesignableLabel.swift */,
				65E383131C913F2C00A5FC92 /* DesignableTabBarController.swift */,
				65E383141C913F2C00A5FC92 /* DesignableTextField.swift */,
				65E383151C913F2C00A5FC92 /* DesignableTextView.swift */,
				65E383161C913F2C00A5FC92 /* DesignableView.swift */,
				65E383171C913F2C00A5FC92 /* ImageLoader.swift */,
				65E383181C913F2C00A5FC92 /* Info.plist */,
				65E383191C913F2C00A5FC92 /* KeyboardLayoutConstraint.swift */,
				65E3831A1C913F2C00A5FC92 /* LoadingView.swift */,
				65E3831B1C913F2C00A5FC92 /* LoadingView.xib */,
				65E3831C1C913F2C00A5FC92 /* Misc.swift */,
				65E3831D1C913F2C00A5FC92 /* SoundPlayer.swift */,
				65E3831E1C913F2C00A5FC92 /* Spring.h */,
				65E3831F1C913F2C00A5FC92 /* Spring.swift */,
				65E383201C913F2C00A5FC92 /* SpringAnimation.swift */,
				65E383211C913F2C00A5FC92 /* SpringButton.swift */,
				65E383221C913F2C00A5FC92 /* SpringImageView.swift */,
				65E383231C913F2C00A5FC92 /* SpringLabel.swift */,
				65E383241C913F2C00A5FC92 /* SpringTextField.swift */,
				65E383251C913F2C00A5FC92 /* SpringTextView.swift */,
				65E383261C913F2C00A5FC92 /* SpringView.swift */,
				65E383271C913F2C00A5FC92 /* TransitionManager.swift */,
				65E383281C913F2C00A5FC92 /* TransitionZoom.swift */,
				65E383291C913F2C00A5FC92 /* UnwindSegue.swift */,
			);
			path = Spring;
			sourceTree = "<group>";
		};
/* End PBXGroup section */

/* Begin PBXNativeTarget section */
		65BBAAF81C80134200B3A42B /* ShotsImplementing */ = {
			isa = PBXNativeTarget;
			buildConfigurationList = 65BBAB0B1C80134200B3A42B /* Build configuration list for PBXNativeTarget "ShotsImplementing" */;
			buildPhases = (
				65BBAAF51C80134200B3A42B /* Sources */,
				65BBAAF61C80134200B3A42B /* Frameworks */,
				65BBAAF71C80134200B3A42B /* Resources */,
			);
			buildRules = (
			);
			dependencies = (
			);
			name = ShotsImplementing;
			productName = ShotsImplementing;
			productReference = 65BBAAF91C80134200B3A42B /* ShotsImplementing.app */;
			productType = "com.apple.product-type.application";
		};
/* End PBXNativeTarget section */

/* Begin PBXProject section */
		65BBAAF11C80134200B3A42B /* Project object */ = {
			isa = PBXProject;
			attributes = {
				LastSwiftUpdateCheck = 0720;
				LastUpgradeCheck = 0720;
				ORGANIZATIONNAME = "Yohannes Wijaya";
				TargetAttributes = {
					65BBAAF81C80134200B3A42B = {
						CreatedOnToolsVersion = 7.2.1;
						DevelopmentTeam = 4Z5JKF2M6S;
					};
				};
			};
			buildConfigurationList = 65BBAAF41C80134200B3A42B /* Build configuration list for PBXProject "ShotsImplementing" */;
			compatibilityVersion = "Xcode 3.2";
			developmentRegion = English;
			hasScannedForEncodings = 0;
			knownRegions = (
				en,
				Base,
			);
			mainGroup = 65BBAAF01C80134200B3A42B;
			productRefGroup = 65BBAAFA1C80134200B3A42B /* Products */;
			projectDirPath = "";
			projectRoot = "";
			targets = (
				65BBAAF81C80134200B3A42B /* ShotsImplementing */,
			);
		};
/* End PBXProject section */

/* Begin PBXResourcesBuildPhase section */
		65BBAAF71C80134200B3A42B /* Resources */ = {
			isa = PBXResourcesBuildPhase;
			buildActionMask = 2147483647;
			files = (
				65BBAB101C80156300B3A42B /* TipoType - Libertad.otf in Resources */,
				65BBAB071C80134200B3A42B /* LaunchScreen.storyboard in Resources */,
				65BBAB041C80134200B3A42B /* Assets.xcassets in Resources */,
				65E383391C913F2C00A5FC92 /* LoadingView.xib in Resources */,
				65E383361C913F2C00A5FC92 /* Info.plist in Resources */,
				65BBAB021C80134200B3A42B /* Main.storyboard in Resources */,
			);
			runOnlyForDeploymentPostprocessing = 0;
		};
/* End PBXResourcesBuildPhase section */

/* Begin PBXSourcesBuildPhase section */
		65BBAAF51C80134200B3A42B /* Sources */ = {
			isa = PBXSourcesBuildPhase;
			buildActionMask = 2147483647;
			files = (
				65E383401C913F2C00A5FC92 /* SpringLabel.swift in Sources */,
				65E383351C913F2C00A5FC92 /* ImageLoader.swift in Sources */,
				65E3833A1C913F2C00A5FC92 /* Misc.swift in Sources */,
				65E3832F1C913F2C00A5FC92 /* DesignableImageView.swift in Sources */,
				65E3833F1C913F2C00A5FC92 /* SpringImageView.swift in Sources */,
				65BBAAFD1C80134200B3A42B /* AppDelegate.swift in Sources */,
				65E3833B1C913F2C00A5FC92 /* SoundPlayer.swift in Sources */,
				65E383421C913F2C00A5FC92 /* SpringTextView.swift in Sources */,
				65DA4DFA1C849DE600E0DF96 /* HomeViewController.swift in Sources */,
				65E383341C913F2C00A5FC92 /* DesignableView.swift in Sources */,
				65E3833D1C913F2C00A5FC92 /* SpringAnimation.swift in Sources */,
				65E3833C1C913F2C00A5FC92 /* Spring.swift in Sources */,
				65E383381C913F2C00A5FC92 /* LoadingView.swift in Sources */,
				65E383411C913F2C00A5FC92 /* SpringTextField.swift in Sources */,
				65E3832E1C913F2C00A5FC92 /* DesignableButton.swift in Sources */,
				65E383321C913F2C00A5FC92 /* DesignableTextField.swift in Sources */,
				65E3832A1C913F2C00A5FC92 /* AsyncButton.swift in Sources */,
				65E383371C913F2C00A5FC92 /* KeyboardLayoutConstraint.swift in Sources */,
				65E3833E1C913F2C00A5FC92 /* SpringButton.swift in Sources */,
				65E3832B1C913F2C00A5FC92 /* AsyncImageView.swift in Sources */,
				65E383311C913F2C00A5FC92 /* DesignableTabBarController.swift in Sources */,
				65E3832C1C913F2C00A5FC92 /* AutoTextView.swift in Sources */,
				65E383331C913F2C00A5FC92 /* DesignableTextView.swift in Sources */,
				65E383301C913F2C00A5FC92 /* DesignableLabel.swift in Sources */,
				65E383461C913F2C00A5FC92 /* UnwindSegue.swift in Sources */,
				65E383441C913F2C00A5FC92 /* TransitionManager.swift in Sources */,
				65E3832D1C913F2C00A5FC92 /* BlurView.swift in Sources */,
				65E383491C9162FF00A5FC92 /* DetailViewController.swift in Sources */,
				65E383431C913F2C00A5FC92 /* SpringView.swift in Sources */,
				65E383451C913F2C00A5FC92 /* TransitionZoom.swift in Sources */,
			);
			runOnlyForDeploymentPostprocessing = 0;
		};
/* End PBXSourcesBuildPhase section */

/* Begin PBXVariantGroup section */
		65BBAB001C80134200B3A42B /* Main.storyboard */ = {
			isa = PBXVariantGroup;
			children = (
				65BBAB011C80134200B3A42B /* Base */,
			);
			name = Main.storyboard;
			sourceTree = "<group>";
		};
		65BBAB051C80134200B3A42B /* LaunchScreen.storyboard */ = {
			isa = PBXVariantGroup;
			children = (
				65BBAB061C80134200B3A42B /* Base */,
			);
			name = LaunchScreen.storyboard;
			sourceTree = "<group>";
		};
/* End PBXVariantGroup section */

/* Begin XCBuildConfiguration section */
		65BBAB091C80134200B3A42B /* Debug */ = {
			isa = XCBuildConfiguration;
			buildSettings = {
				ALWAYS_SEARCH_USER_PATHS = NO;
				CLANG_CXX_LANGUAGE_STANDARD = "gnu++0x";
				CLANG_CXX_LIBRARY = "libc++";
				CLANG_ENABLE_MODULES = YES;
				CLANG_ENABLE_OBJC_ARC = YES;
				CLANG_WARN_BOOL_CONVERSION = YES;
				CLANG_WARN_CONSTANT_CONVERSION = YES;
				CLANG_WARN_DIRECT_OBJC_ISA_USAGE = YES_ERROR;
				CLANG_WARN_EMPTY_BODY = YES;
				CLANG_WARN_ENUM_CONVERSION = YES;
				CLANG_WARN_INT_CONVERSION = YES;
				CLANG_WARN_OBJC_ROOT_CLASS = YES_ERROR;
				CLANG_WARN_UNREACHABLE_CODE = YES;
				CLANG_WARN__DUPLICATE_METHOD_MATCH = YES;
				"CODE_SIGN_IDENTITY[sdk=iphoneos*]" = "iPhone Developer";
				COPY_PHASE_STRIP = NO;
				DEBUG_INFORMATION_FORMAT = dwarf;
				ENABLE_STRICT_OBJC_MSGSEND = YES;
				ENABLE_TESTABILITY = YES;
				GCC_C_LANGUAGE_STANDARD = gnu99;
				GCC_DYNAMIC_NO_PIC = NO;
				GCC_NO_COMMON_BLOCKS = YES;
				GCC_OPTIMIZATION_LEVEL = 0;
				GCC_PREPROCESSOR_DEFINITIONS = (
					"DEBUG=1",
					"$(inherited)",
				);
				GCC_WARN_64_TO_32_BIT_CONVERSION = YES;
				GCC_WARN_ABOUT_RETURN_TYPE = YES_ERROR;
				GCC_WARN_UNDECLARED_SELECTOR = YES;
				GCC_WARN_UNINITIALIZED_AUTOS = YES_AGGRESSIVE;
				GCC_WARN_UNUSED_FUNCTION = YES;
				GCC_WARN_UNUSED_VARIABLE = YES;
				IPHONEOS_DEPLOYMENT_TARGET = 9.2;
				MTL_ENABLE_DEBUG_INFO = YES;
				ONLY_ACTIVE_ARCH = YES;
				SDKROOT = iphoneos;
				SWIFT_OPTIMIZATION_LEVEL = "-Onone";
			};
			name = Debug;
		};
		65BBAB0A1C80134200B3A42B /* Release */ = {
			isa = XCBuildConfiguration;
			buildSettings = {
				ALWAYS_SEARCH_USER_PATHS = NO;
				CLANG_CXX_LANGUAGE_STANDARD = "gnu++0x";
				CLANG_CXX_LIBRARY = "libc++";
				CLANG_ENABLE_MODULES = YES;
				CLANG_ENABLE_OBJC_ARC = YES;
				CLANG_WARN_BOOL_CONVERSION = YES;
				CLANG_WARN_CONSTANT_CONVERSION = YES;
				CLANG_WARN_DIRECT_OBJC_ISA_USAGE = YES_ERROR;
				CLANG_WARN_EMPTY_BODY = YES;
				CLANG_WARN_ENUM_CONVERSION = YES;
				CLANG_WARN_INT_CONVERSION = YES;
				CLANG_WARN_OBJC_ROOT_CLASS = YES_ERROR;
				CLANG_WARN_UNREACHABLE_CODE = YES;
				CLANG_WARN__DUPLICATE_METHOD_MATCH = YES;
				"CODE_SIGN_IDENTITY[sdk=iphoneos*]" = "iPhone Developer";
				COPY_PHASE_STRIP = NO;
				DEBUG_INFORMATION_FORMAT = "dwarf-with-dsym";
				ENABLE_NS_ASSERTIONS = NO;
				ENABLE_STRICT_OBJC_MSGSEND = YES;
				GCC_C_LANGUAGE_STANDARD = gnu99;
				GCC_NO_COMMON_BLOCKS = YES;
				GCC_WARN_64_TO_32_BIT_CONVERSION = YES;
				GCC_WARN_ABOUT_RETURN_TYPE = YES_ERROR;
				GCC_WARN_UNDECLARED_SELECTOR = YES;
				GCC_WARN_UNINITIALIZED_AUTOS = YES_AGGRESSIVE;
				GCC_WARN_UNUSED_FUNCTION = YES;
				GCC_WARN_UNUSED_VARIABLE = YES;
				IPHONEOS_DEPLOYMENT_TARGET = 9.2;
				MTL_ENABLE_DEBUG_INFO = NO;
				SDKROOT = iphoneos;
				VALIDATE_PRODUCT = YES;
			};
			name = Release;
		};
		65BBAB0C1C80134200B3A42B /* Debug */ = {
			isa = XCBuildConfiguration;
			buildSettings = {
				ASSETCATALOG_COMPILER_APPICON_NAME = AppIcon;
				INFOPLIST_FILE = ShotsImplementing/Info.plist;
				LD_RUNPATH_SEARCH_PATHS = "$(inherited) @executable_path/Frameworks";
				PRODUCT_BUNDLE_IDENTIFIER = self.fearless.ShotsImplementing;
				PRODUCT_NAME = "$(TARGET_NAME)";
			};
			name = Debug;
		};
		65BBAB0D1C80134200B3A42B /* Release */ = {
			isa = XCBuildConfiguration;
			buildSettings = {
				ASSETCATALOG_COMPILER_APPICON_NAME = AppIcon;
				INFOPLIST_FILE = ShotsImplementing/Info.plist;
				LD_RUNPATH_SEARCH_PATHS = "$(inherited) @executable_path/Frameworks";
				PRODUCT_BUNDLE_IDENTIFIER = self.fearless.ShotsImplementing;
				PRODUCT_NAME = "$(TARGET_NAME)";
			};
			name = Release;
		};
/* End XCBuildConfiguration section */

/* Begin XCConfigurationList section */
		65BBAAF41C80134200B3A42B /* Build configuration list for PBXProject "ShotsImplementing" */ = {
			isa = XCConfigurationList;
			buildConfigurations = (
				65BBAB091C80134200B3A42B /* Debug */,
				65BBAB0A1C80134200B3A42B /* Release */,
			);
			defaultConfigurationIsVisible = 0;
			defaultConfigurationName = Release;
		};
		65BBAB0B1C80134200B3A42B /* Build configuration list for PBXNativeTarget "ShotsImplementing" */ = {
			isa = XCConfigurationList;
			buildConfigurations = (
				65BBAB0C1C80134200B3A42B /* Debug */,
				65BBAB0D1C80134200B3A42B /* Release */,
			);
			defaultConfigurationIsVisible = 0;
			defaultConfigurationName = Release;
		};
/* End XCConfigurationList section */
	};
	rootObject = 65BBAAF11C80134200B3A42B /* Project object */;
}
