// !$*UTF8*$!
{
	archiveVersion = 1;
	classes = {
	};
	objectVersion = 46;
	objects = {

/* Begin PBXBuildFile section */
		6595254E1C942E5E005B13F9 /* AsyncButton.swift in Sources */ = {isa = PBXBuildFile; fileRef = 659525301C942E5E005B13F9 /* AsyncButton.swift */; };
		6595254F1C942E5E005B13F9 /* AsyncImageView.swift in Sources */ = {isa = PBXBuildFile; fileRef = 659525311C942E5E005B13F9 /* AsyncImageView.swift */; };
		659525501C942E5E005B13F9 /* AutoTextView.swift in Sources */ = {isa = PBXBuildFile; fileRef = 659525321C942E5E005B13F9 /* AutoTextView.swift */; };
		659525511C942E5E005B13F9 /* BlurView.swift in Sources */ = {isa = PBXBuildFile; fileRef = 659525331C942E5E005B13F9 /* BlurView.swift */; };
		659525521C942E5E005B13F9 /* DesignableButton.swift in Sources */ = {isa = PBXBuildFile; fileRef = 659525341C942E5E005B13F9 /* DesignableButton.swift */; };
		659525531C942E5E005B13F9 /* DesignableImageView.swift in Sources */ = {isa = PBXBuildFile; fileRef = 659525351C942E5E005B13F9 /* DesignableImageView.swift */; };
		659525541C942E5E005B13F9 /* DesignableLabel.swift in Sources */ = {isa = PBXBuildFile; fileRef = 659525361C942E5E005B13F9 /* DesignableLabel.swift */; };
		659525551C942E5E005B13F9 /* DesignableTabBarController.swift in Sources */ = {isa = PBXBuildFile; fileRef = 659525371C942E5E005B13F9 /* DesignableTabBarController.swift */; };
		659525561C942E5E005B13F9 /* DesignableTextField.swift in Sources */ = {isa = PBXBuildFile; fileRef = 659525381C942E5E005B13F9 /* DesignableTextField.swift */; };
		659525571C942E5E005B13F9 /* DesignableTextView.swift in Sources */ = {isa = PBXBuildFile; fileRef = 659525391C942E5E005B13F9 /* DesignableTextView.swift */; };
		659525581C942E5E005B13F9 /* DesignableView.swift in Sources */ = {isa = PBXBuildFile; fileRef = 6595253A1C942E5E005B13F9 /* DesignableView.swift */; };
		659525591C942E5E005B13F9 /* ImageLoader.swift in Sources */ = {isa = PBXBuildFile; fileRef = 6595253B1C942E5E005B13F9 /* ImageLoader.swift */; };
		6595255A1C942E5E005B13F9 /* Info.plist in Resources */ = {isa = PBXBuildFile; fileRef = 6595253C1C942E5E005B13F9 /* Info.plist */; };
		6595255B1C942E5E005B13F9 /* KeyboardLayoutConstraint.swift in Sources */ = {isa = PBXBuildFile; fileRef = 6595253D1C942E5E005B13F9 /* KeyboardLayoutConstraint.swift */; };
		6595255C1C942E5E005B13F9 /* LoadingView.swift in Sources */ = {isa = PBXBuildFile; fileRef = 6595253E1C942E5E005B13F9 /* LoadingView.swift */; };
		6595255D1C942E5E005B13F9 /* LoadingView.xib in Resources */ = {isa = PBXBuildFile; fileRef = 6595253F1C942E5E005B13F9 /* LoadingView.xib */; };
		6595255E1C942E5E005B13F9 /* Misc.swift in Sources */ = {isa = PBXBuildFile; fileRef = 659525401C942E5E005B13F9 /* Misc.swift */; };
		6595255F1C942E5E005B13F9 /* SoundPlayer.swift in Sources */ = {isa = PBXBuildFile; fileRef = 659525411C942E5E005B13F9 /* SoundPlayer.swift */; };
		659525601C942E5E005B13F9 /* Spring.swift in Sources */ = {isa = PBXBuildFile; fileRef = 659525431C942E5E005B13F9 /* Spring.swift */; };
		659525611C942E5E005B13F9 /* SpringAnimation.swift in Sources */ = {isa = PBXBuildFile; fileRef = 659525441C942E5E005B13F9 /* SpringAnimation.swift */; };
		659525621C942E5E005B13F9 /* SpringButton.swift in Sources */ = {isa = PBXBuildFile; fileRef = 659525451C942E5E005B13F9 /* SpringButton.swift */; };
		659525631C942E5E005B13F9 /* SpringImageView.swift in Sources */ = {isa = PBXBuildFile; fileRef = 659525461C942E5E005B13F9 /* SpringImageView.swift */; };
		659525641C942E5E005B13F9 /* SpringLabel.swift in Sources */ = {isa = PBXBuildFile; fileRef = 659525471C942E5E005B13F9 /* SpringLabel.swift */; };
		659525651C942E5E005B13F9 /* SpringTextField.swift in Sources */ = {isa = PBXBuildFile; fileRef = 659525481C942E5E005B13F9 /* SpringTextField.swift */; };
		659525661C942E5E005B13F9 /* SpringTextView.swift in Sources */ = {isa = PBXBuildFile; fileRef = 659525491C942E5E005B13F9 /* SpringTextView.swift */; };
		659525671C942E5E005B13F9 /* SpringView.swift in Sources */ = {isa = PBXBuildFile; fileRef = 6595254A1C942E5E005B13F9 /* SpringView.swift */; };
		659525681C942E5E005B13F9 /* TransitionManager.swift in Sources */ = {isa = PBXBuildFile; fileRef = 6595254B1C942E5E005B13F9 /* TransitionManager.swift */; };
		659525691C942E5E005B13F9 /* TransitionZoom.swift in Sources */ = {isa = PBXBuildFile; fileRef = 6595254C1C942E5E005B13F9 /* TransitionZoom.swift */; };
		6595256A1C942E5E005B13F9 /* UnwindSegue.swift in Sources */ = {isa = PBXBuildFile; fileRef = 6595254D1C942E5E005B13F9 /* UnwindSegue.swift */; };
		65BBAAFD1C80134200B3A42B /* AppDelegate.swift in Sources */ = {isa = PBXBuildFile; fileRef = 65BBAAFC1C80134200B3A42B /* AppDelegate.swift */; };
		65BBAB021C80134200B3A42B /* Main.storyboard in Resources */ = {isa = PBXBuildFile; fileRef = 65BBAB001C80134200B3A42B /* Main.storyboard */; };
		65BBAB041C80134200B3A42B /* Assets.xcassets in Resources */ = {isa = PBXBuildFile; fileRef = 65BBAB031C80134200B3A42B /* Assets.xcassets */; };
		65BBAB071C80134200B3A42B /* LaunchScreen.storyboard in Resources */ = {isa = PBXBuildFile; fileRef = 65BBAB051C80134200B3A42B /* LaunchScreen.storyboard */; };
		65BBAB101C80156300B3A42B /* TipoType - Libertad.otf in Resources */ = {isa = PBXBuildFile; fileRef = 65BBAB0F1C80156300B3A42B /* TipoType - Libertad.otf */; };
		65DA4DFA1C849DE600E0DF96 /* HomeViewController.swift in Sources */ = {isa = PBXBuildFile; fileRef = 65DA4DF91C849DE600E0DF96 /* HomeViewController.swift */; };
		65E383491C9162FF00A5FC92 /* DetailViewController.swift in Sources */ = {isa = PBXBuildFile; fileRef = 65E383481C9162FF00A5FC92 /* DetailViewController.swift */; };
/* End PBXBuildFile section */

/* Begin PBXFileReference section */
		659525301C942E5E005B13F9 /* AsyncButton.swift */ = {isa = PBXFileReference; fileEncoding = 4; lastKnownFileType = sourcecode.swift; path = AsyncButton.swift; sourceTree = "<group>"; };
		659525311C942E5E005B13F9 /* AsyncImageView.swift */ = {isa = PBXFileReference; fileEncoding = 4; lastKnownFileType = sourcecode.swift; path = AsyncImageView.swift; sourceTree = "<group>"; };
		659525321C942E5E005B13F9 /* AutoTextView.swift */ = {isa = PBXFileReference; fileEncoding = 4; lastKnownFileType = sourcecode.swift; path = AutoTextView.swift; sourceTree = "<group>"; };
		659525331C942E5E005B13F9 /* BlurView.swift */ = {isa = PBXFileReference; fileEncoding = 4; lastKnownFileType = sourcecode.swift; path = BlurView.swift; sourceTree = "<group>"; };
		659525341C942E5E005B13F9 /* DesignableButton.swift */ = {isa = PBXFileReference; fileEncoding = 4; lastKnownFileType = sourcecode.swift; path = DesignableButton.swift; sourceTree = "<group>"; };
		659525351C942E5E005B13F9 /* DesignableImageView.swift */ = {isa = PBXFileReference; fileEncoding = 4; lastKnownFileType = sourcecode.swift; path = DesignableImageView.swift; sourceTree = "<group>"; };
		659525361C942E5E005B13F9 /* DesignableLabel.swift */ = {isa = PBXFileReference; fileEncoding = 4; lastKnownFileType = sourcecode.swift; path = DesignableLabel.swift; sourceTree = "<group>"; };
		659525371C942E5E005B13F9 /* DesignableTabBarController.swift */ = {isa = PBXFileReference; fileEncoding = 4; lastKnownFileType = sourcecode.swift; path = DesignableTabBarController.swift; sourceTree = "<group>"; };
		659525381C942E5E005B13F9 /* DesignableTextField.swift */ = {isa = PBXFileReference; fileEncoding = 4; lastKnownFileType = sourcecode.swift; path = DesignableTextField.swift; sourceTree = "<group>"; };
		659525391C942E5E005B13F9 /* DesignableTextView.swift */ = {isa = PBXFileReference; fileEncoding = 4; lastKnownFileType = sourcecode.swift; path = DesignableTextView.swift; sourceTree = "<group>"; };
		6595253A1C942E5E005B13F9 /* DesignableView.swift */ = {isa = PBXFileReference; fileEncoding = 4; lastKnownFileType = sourcecode.swift; path = DesignableView.swift; sourceTree = "<group>"; };
		6595253B1C942E5E005B13F9 /* ImageLoader.swift */ = {isa = PBXFileReference; fileEncoding = 4; lastKnownFileType = sourcecode.swift; path = ImageLoader.swift; sourceTree = "<group>"; };
		6595253C1C942E5E005B13F9 /* Info.plist */ = {isa = PBXFileReference; fileEncoding = 4; lastKnownFileType = text.plist.xml; path = Info.plist; sourceTree = "<group>"; };
		6595253D1C942E5E005B13F9 /* KeyboardLayoutConstraint.swift */ = {isa = PBXFileReference; fileEncoding = 4; lastKnownFileType = sourcecode.swift; path = KeyboardLayoutConstraint.swift; sourceTree = "<group>"; };
		6595253E1C942E5E005B13F9 /* LoadingView.swift */ = {isa = PBXFileReference; fileEncoding = 4; lastKnownFileType = sourcecode.swift; path = LoadingView.swift; sourceTree = "<group>"; };
		6595253F1C942E5E005B13F9 /* LoadingView.xib */ = {isa = PBXFileReference; fileEncoding = 4; lastKnownFileType = file.xib; path = LoadingView.xib; sourceTree = "<group>"; };
		659525401C942E5E005B13F9 /* Misc.swift */ = {isa = PBXFileReference; fileEncoding = 4; lastKnownFileType = sourcecode.swift; path = Misc.swift; sourceTree = "<group>"; };
		659525411C942E5E005B13F9 /* SoundPlayer.swift */ = {isa = PBXFileReference; fileEncoding = 4; lastKnownFileType = sourcecode.swift; path = SoundPlayer.swift; sourceTree = "<group>"; };
		659525421C942E5E005B13F9 /* Spring.h */ = {isa = PBXFileReference; fileEncoding = 4; lastKnownFileType = sourcecode.c.h; path = Spring.h; sourceTree = "<group>"; };
		659525431C942E5E005B13F9 /* Spring.swift */ = {isa = PBXFileReference; fileEncoding = 4; lastKnownFileType = sourcecode.swift; path = Spring.swift; sourceTree = "<group>"; };
		659525441C942E5E005B13F9 /* SpringAnimation.swift */ = {isa = PBXFileReference; fileEncoding = 4; lastKnownFileType = sourcecode.swift; path = SpringAnimation.swift; sourceTree = "<group>"; };
		659525451C942E5E005B13F9 /* SpringButton.swift */ = {isa = PBXFileReference; fileEncoding = 4; lastKnownFileType = sourcecode.swift; path = SpringButton.swift; sourceTree = "<group>"; };
		659525461C942E5E005B13F9 /* SpringImageView.swift */ = {isa = PBXFileReference; fileEncoding = 4; lastKnownFileType = sourcecode.swift; path = SpringImageView.swift; sourceTree = "<group>"; };
		659525471C942E5E005B13F9 /* SpringLabel.swift */ = {isa = PBXFileReference; fileEncoding = 4; lastKnownFileType = sourcecode.swift; path = SpringLabel.swift; sourceTree = "<group>"; };
		659525481C942E5E005B13F9 /* SpringTextField.swift */ = {isa = PBXFileReference; fileEncoding = 4; lastKnownFileType = sourcecode.swift; path = SpringTextField.swift; sourceTree = "<group>"; };
		659525491C942E5E005B13F9 /* SpringTextView.swift */ = {isa = PBXFileReference; fileEncoding = 4; lastKnownFileType = sourcecode.swift; path = SpringTextView.swift; sourceTree = "<group>"; };
		6595254A1C942E5E005B13F9 /* SpringView.swift */ = {isa = PBXFileReference; fileEncoding = 4; lastKnownFileType = sourcecode.swift; path = SpringView.swift; sourceTree = "<group>"; };
		6595254B1C942E5E005B13F9 /* TransitionManager.swift */ = {isa = PBXFileReference; fileEncoding = 4; lastKnownFileType = sourcecode.swift; path = TransitionManager.swift; sourceTree = "<group>"; };
		6595254C1C942E5E005B13F9 /* TransitionZoom.swift */ = {isa = PBXFileReference; fileEncoding = 4; lastKnownFileType = sourcecode.swift; path = TransitionZoom.swift; sourceTree = "<group>"; };
		6595254D1C942E5E005B13F9 /* UnwindSegue.swift */ = {isa = PBXFileReference; fileEncoding = 4; lastKnownFileType = sourcecode.swift; path = UnwindSegue.swift; sourceTree = "<group>"; };
		65BBAAF91C80134200B3A42B /* ShotsImplementing.app */ = {isa = PBXFileReference; explicitFileType = wrapper.application; includeInIndex = 0; path = ShotsImplementing.app; sourceTree = BUILT_PRODUCTS_DIR; };
		65BBAAFC1C80134200B3A42B /* AppDelegate.swift */ = {isa = PBXFileReference; lastKnownFileType = sourcecode.swift; path = AppDelegate.swift; sourceTree = "<group>"; };
		65BBAB011C80134200B3A42B /* Base */ = {isa = PBXFileReference; lastKnownFileType = file.storyboard; name = Base; path = Base.lproj/Main.storyboard; sourceTree = "<group>"; };
		65BBAB031C80134200B3A42B /* Assets.xcassets */ = {isa = PBXFileReference; lastKnownFileType = folder.assetcatalog; path = Assets.xcassets; sourceTree = "<group>"; };
		65BBAB061C80134200B3A42B /* Base */ = {isa = PBXFileReference; lastKnownFileType = file.storyboard; name = Base; path = Base.lproj/LaunchScreen.storyboard; sourceTree = "<group>"; };
		65BBAB081C80134200B3A42B /* Info.plist */ = {isa = PBXFileReference; lastKnownFileType = text.plist.xml; path = Info.plist; sourceTree = "<group>"; };
		65BBAB0F1C80156300B3A42B /* TipoType - Libertad.otf */ = {isa = PBXFileReference; lastKnownFileType = file; path = "TipoType - Libertad.otf"; sourceTree = "<group>"; };
		65DA4DF91C849DE600E0DF96 /* HomeViewController.swift */ = {isa = PBXFileReference; fileEncoding = 4; lastKnownFileType = sourcecode.swift; path = HomeViewController.swift; sourceTree = "<group>"; };
		65E383481C9162FF00A5FC92 /* DetailViewController.swift */ = {isa = PBXFileReference; fileEncoding = 4; lastKnownFileType = sourcecode.swift; path = DetailViewController.swift; sourceTree = "<group>"; };
/* End PBXFileReference section */

/* Begin PBXFrameworksBuildPhase section */
		65BBAAF61C80134200B3A42B /* Frameworks */ = {
			isa = PBXFrameworksBuildPhase;
			buildActionMask = 2147483647;
			files = (
			);
			runOnlyForDeploymentPostprocessing = 0;
		};
/* End PBXFrameworksBuildPhase section */

/* Begin PBXGroup section */
		6595252F1C942E5E005B13F9 /* Spring */ = {
			isa = PBXGroup;
			children = (
				659525301C942E5E005B13F9 /* AsyncButton.swift */,
				659525311C942E5E005B13F9 /* AsyncImageView.swift */,
				659525321C942E5E005B13F9 /* AutoTextView.swift */,
				659525331C942E5E005B13F9 /* BlurView.swift */,
				659525341C942E5E005B13F9 /* DesignableButton.swift */,
				659525351C942E5E005B13F9 /* DesignableImageView.swift */,
				659525361C942E5E005B13F9 /* DesignableLabel.swift */,
				659525371C942E5E005B13F9 /* DesignableTabBarController.swift */,
				659525381C942E5E005B13F9 /* DesignableTextField.swift */,
				659525391C942E5E005B13F9 /* DesignableTextView.swift */,
				6595253A1C942E5E005B13F9 /* DesignableView.swift */,
				6595253B1C942E5E005B13F9 /* ImageLoader.swift */,
				6595253C1C942E5E005B13F9 /* Info.plist */,
				6595253D1C942E5E005B13F9 /* KeyboardLayoutConstraint.swift */,
				6595253E1C942E5E005B13F9 /* LoadingView.swift */,
				6595253F1C942E5E005B13F9 /* LoadingView.xib */,
				659525401C942E5E005B13F9 /* Misc.swift */,
				659525411C942E5E005B13F9 /* SoundPlayer.swift */,
				659525421C942E5E005B13F9 /* Spring.h */,
				659525431C942E5E005B13F9 /* Spring.swift */,
				659525441C942E5E005B13F9 /* SpringAnimation.swift */,
				659525451C942E5E005B13F9 /* SpringButton.swift */,
				659525461C942E5E005B13F9 /* SpringImageView.swift */,
				659525471C942E5E005B13F9 /* SpringLabel.swift */,
				659525481C942E5E005B13F9 /* SpringTextField.swift */,
				659525491C942E5E005B13F9 /* SpringTextView.swift */,
				6595254A1C942E5E005B13F9 /* SpringView.swift */,
				6595254B1C942E5E005B13F9 /* TransitionManager.swift */,
				6595254C1C942E5E005B13F9 /* TransitionZoom.swift */,
				6595254D1C942E5E005B13F9 /* UnwindSegue.swift */,
			);
			path = Spring;
			sourceTree = "<group>";
		};
		65BBAAF01C80134200B3A42B = {
			isa = PBXGroup;
			children = (
				65BBAAFB1C80134200B3A42B /* ShotsImplementing */,
				65BBAAFA1C80134200B3A42B /* Products */,
			);
			sourceTree = "<group>";
		};
		65BBAAFA1C80134200B3A42B /* Products */ = {
			isa = PBXGroup;
			children = (
				65BBAAF91C80134200B3A42B /* ShotsImplementing.app */,
			);
			name = Products;
			sourceTree = "<group>";
		};
		65BBAAFB1C80134200B3A42B /* ShotsImplementing */ = {
			isa = PBXGroup;
			children = (
				65BBAAFC1C80134200B3A42B /* AppDelegate.swift */,
				65DA4DF91C849DE600E0DF96 /* HomeViewController.swift */,
				65E383481C9162FF00A5FC92 /* DetailViewController.swift */,
				65BBAB001C80134200B3A42B /* Main.storyboard */,
				65BBAB031C80134200B3A42B /* Assets.xcassets */,
				65BBAB051C80134200B3A42B /* LaunchScreen.storyboard */,
				65BBAB081C80134200B3A42B /* Info.plist */,
				6595252F1C942E5E005B13F9 /* Spring */,
				65BBAB0E1C80156300B3A42B /* font */,
			);
			path = ShotsImplementing;
			sourceTree = "<group>";
		};
		65BBAB0E1C80156300B3A42B /* font */ = {
			isa = PBXGroup;
			children = (
				65BBAB0F1C80156300B3A42B /* TipoType - Libertad.otf */,
			);
			path = font;
			sourceTree = "<group>";
		};
/* End PBXGroup section */

/* Begin PBXNativeTarget section */
		65BBAAF81C80134200B3A42B /* ShotsImplementing */ = {
			isa = PBXNativeTarget;
			buildConfigurationList = 65BBAB0B1C80134200B3A42B /* Build configuration list for PBXNativeTarget "ShotsImplementing" */;
			buildPhases = (
				65BBAAF51C80134200B3A42B /* Sources */,
				65BBAAF61C80134200B3A42B /* Frameworks */,
				65BBAAF71C80134200B3A42B /* Resources */,
			);
			buildRules = (
			);
			dependencies = (
			);
			name = ShotsImplementing;
			productName = ShotsImplementing;
			productReference = 65BBAAF91C80134200B3A42B /* ShotsImplementing.app */;
			productType = "com.apple.product-type.application";
		};
/* End PBXNativeTarget section */

/* Begin PBXProject section */
		65BBAAF11C80134200B3A42B /* Project object */ = {
			isa = PBXProject;
			attributes = {
				LastSwiftUpdateCheck = 0720;
				LastUpgradeCheck = 0720;
				ORGANIZATIONNAME = "Yohannes Wijaya";
				TargetAttributes = {
					65BBAAF81C80134200B3A42B = {
						CreatedOnToolsVersion = 7.2.1;
						DevelopmentTeam = 4Z5JKF2M6S;
					};
				};
			};
			buildConfigurationList = 65BBAAF41C80134200B3A42B /* Build configuration list for PBXProject "ShotsImplementing" */;
			compatibilityVersion = "Xcode 3.2";
			developmentRegion = English;
			hasScannedForEncodings = 0;
			knownRegions = (
				en,
				Base,
			);
			mainGroup = 65BBAAF01C80134200B3A42B;
			productRefGroup = 65BBAAFA1C80134200B3A42B /* Products */;
			projectDirPath = "";
			projectRoot = "";
			targets = (
				65BBAAF81C80134200B3A42B /* ShotsImplementing */,
			);
		};
/* End PBXProject section */

/* Begin PBXResourcesBuildPhase section */
		65BBAAF71C80134200B3A42B /* Resources */ = {
			isa = PBXResourcesBuildPhase;
			buildActionMask = 2147483647;
			files = (
				65BBAB101C80156300B3A42B /* TipoType - Libertad.otf in Resources */,
				65BBAB071C80134200B3A42B /* LaunchScreen.storyboard in Resources */,
				65BBAB041C80134200B3A42B /* Assets.xcassets in Resources */,
				6595255D1C942E5E005B13F9 /* LoadingView.xib in Resources */,
				6595255A1C942E5E005B13F9 /* Info.plist in Resources */,
				65BBAB021C80134200B3A42B /* Main.storyboard in Resources */,
			);
			runOnlyForDeploymentPostprocessing = 0;
		};
/* End PBXResourcesBuildPhase section */

/* Begin PBXSourcesBuildPhase section */
		65BBAAF51C80134200B3A42B /* Sources */ = {
			isa = PBXSourcesBuildPhase;
			buildActionMask = 2147483647;
			files = (
				659525541C942E5E005B13F9 /* DesignableLabel.swift in Sources */,
				659525631C942E5E005B13F9 /* SpringImageView.swift in Sources */,
				659525501C942E5E005B13F9 /* AutoTextView.swift in Sources */,
				659525591C942E5E005B13F9 /* ImageLoader.swift in Sources */,
				6595255E1C942E5E005B13F9 /* Misc.swift in Sources */,
				659525511C942E5E005B13F9 /* BlurView.swift in Sources */,
				6595256A1C942E5E005B13F9 /* UnwindSegue.swift in Sources */,
				6595255C1C942E5E005B13F9 /* LoadingView.swift in Sources */,
				659525651C942E5E005B13F9 /* SpringTextField.swift in Sources */,
				659525601C942E5E005B13F9 /* Spring.swift in Sources */,
				65BBAAFD1C80134200B3A42B /* AppDelegate.swift in Sources */,
				6595255F1C942E5E005B13F9 /* SoundPlayer.swift in Sources */,
				659525581C942E5E005B13F9 /* DesignableView.swift in Sources */,
				659525551C942E5E005B13F9 /* DesignableTabBarController.swift in Sources */,
				659525521C942E5E005B13F9 /* DesignableButton.swift in Sources */,
				65DA4DFA1C849DE600E0DF96 /* HomeViewController.swift in Sources */,
				659525691C942E5E005B13F9 /* TransitionZoom.swift in Sources */,
				659525561C942E5E005B13F9 /* DesignableTextField.swift in Sources */,
				659525681C942E5E005B13F9 /* TransitionManager.swift in Sources */,
				659525641C942E5E005B13F9 /* SpringLabel.swift in Sources */,
				6595254E1C942E5E005B13F9 /* AsyncButton.swift in Sources */,
				6595254F1C942E5E005B13F9 /* AsyncImageView.swift in Sources */,
				659525571C942E5E005B13F9 /* DesignableTextView.swift in Sources */,
				659525671C942E5E005B13F9 /* SpringView.swift in Sources */,
				659525661C942E5E005B13F9 /* SpringTextView.swift in Sources */,
				6595255B1C942E5E005B13F9 /* KeyboardLayoutConstraint.swift in Sources */,
				659525621C942E5E005B13F9 /* SpringButton.swift in Sources */,
				659525611C942E5E005B13F9 /* SpringAnimation.swift in Sources */,
				659525531C942E5E005B13F9 /* DesignableImageView.swift in Sources */,
				65E383491C9162FF00A5FC92 /* DetailViewController.swift in Sources */,
			);
			runOnlyForDeploymentPostprocessing = 0;
		};
/* End PBXSourcesBuildPhase section */

/* Begin PBXVariantGroup section */
		65BBAB001C80134200B3A42B /* Main.storyboard */ = {
			isa = PBXVariantGroup;
			children = (
				65BBAB011C80134200B3A42B /* Base */,
			);
			name = Main.storyboard;
			sourceTree = "<group>";
		};
		65BBAB051C80134200B3A42B /* LaunchScreen.storyboard */ = {
			isa = PBXVariantGroup;
			children = (
				65BBAB061C80134200B3A42B /* Base */,
			);
			name = LaunchScreen.storyboard;
			sourceTree = "<group>";
		};
/* End PBXVariantGroup section */

/* Begin XCBuildConfiguration section */
		65BBAB091C80134200B3A42B /* Debug */ = {
			isa = XCBuildConfiguration;
			buildSettings = {
				ALWAYS_SEARCH_USER_PATHS = NO;
				CLANG_CXX_LANGUAGE_STANDARD = "gnu++0x";
				CLANG_CXX_LIBRARY = "libc++";
				CLANG_ENABLE_MODULES = YES;
				CLANG_ENABLE_OBJC_ARC = YES;
				CLANG_WARN_BOOL_CONVERSION = YES;
				CLANG_WARN_CONSTANT_CONVERSION = YES;
				CLANG_WARN_DIRECT_OBJC_ISA_USAGE = YES_ERROR;
				CLANG_WARN_EMPTY_BODY = YES;
				CLANG_WARN_ENUM_CONVERSION = YES;
				CLANG_WARN_INT_CONVERSION = YES;
				CLANG_WARN_OBJC_ROOT_CLASS = YES_ERROR;
				CLANG_WARN_UNREACHABLE_CODE = YES;
				CLANG_WARN__DUPLICATE_METHOD_MATCH = YES;
				"CODE_SIGN_IDENTITY[sdk=iphoneos*]" = "iPhone Developer";
				COPY_PHASE_STRIP = NO;
				DEBUG_INFORMATION_FORMAT = dwarf;
				ENABLE_STRICT_OBJC_MSGSEND = YES;
				ENABLE_TESTABILITY = YES;
				GCC_C_LANGUAGE_STANDARD = gnu99;
				GCC_DYNAMIC_NO_PIC = NO;
				GCC_NO_COMMON_BLOCKS = YES;
				GCC_OPTIMIZATION_LEVEL = 0;
				GCC_PREPROCESSOR_DEFINITIONS = (
					"DEBUG=1",
					"$(inherited)",
				);
				GCC_WARN_64_TO_32_BIT_CONVERSION = YES;
				GCC_WARN_ABOUT_RETURN_TYPE = YES_ERROR;
				GCC_WARN_UNDECLARED_SELECTOR = YES;
				GCC_WARN_UNINITIALIZED_AUTOS = YES_AGGRESSIVE;
				GCC_WARN_UNUSED_FUNCTION = YES;
				GCC_WARN_UNUSED_VARIABLE = YES;
				IPHONEOS_DEPLOYMENT_TARGET = 9.2;
				MTL_ENABLE_DEBUG_INFO = YES;
				ONLY_ACTIVE_ARCH = YES;
				SDKROOT = iphoneos;
				SWIFT_OPTIMIZATION_LEVEL = "-Onone";
			};
			name = Debug;
		};
		65BBAB0A1C80134200B3A42B /* Release */ = {
			isa = XCBuildConfiguration;
			buildSettings = {
				ALWAYS_SEARCH_USER_PATHS = NO;
				CLANG_CXX_LANGUAGE_STANDARD = "gnu++0x";
				CLANG_CXX_LIBRARY = "libc++";
				CLANG_ENABLE_MODULES = YES;
				CLANG_ENABLE_OBJC_ARC = YES;
				CLANG_WARN_BOOL_CONVERSION = YES;
				CLANG_WARN_CONSTANT_CONVERSION = YES;
				CLANG_WARN_DIRECT_OBJC_ISA_USAGE = YES_ERROR;
				CLANG_WARN_EMPTY_BODY = YES;
				CLANG_WARN_ENUM_CONVERSION = YES;
				CLANG_WARN_INT_CONVERSION = YES;
				CLANG_WARN_OBJC_ROOT_CLASS = YES_ERROR;
				CLANG_WARN_UNREACHABLE_CODE = YES;
				CLANG_WARN__DUPLICATE_METHOD_MATCH = YES;
				"CODE_SIGN_IDENTITY[sdk=iphoneos*]" = "iPhone Developer";
				COPY_PHASE_STRIP = NO;
				DEBUG_INFORMATION_FORMAT = "dwarf-with-dsym";
				ENABLE_NS_ASSERTIONS = NO;
				ENABLE_STRICT_OBJC_MSGSEND = YES;
				GCC_C_LANGUAGE_STANDARD = gnu99;
				GCC_NO_COMMON_BLOCKS = YES;
				GCC_WARN_64_TO_32_BIT_CONVERSION = YES;
				GCC_WARN_ABOUT_RETURN_TYPE = YES_ERROR;
				GCC_WARN_UNDECLARED_SELECTOR = YES;
				GCC_WARN_UNINITIALIZED_AUTOS = YES_AGGRESSIVE;
				GCC_WARN_UNUSED_FUNCTION = YES;
				GCC_WARN_UNUSED_VARIABLE = YES;
				IPHONEOS_DEPLOYMENT_TARGET = 9.2;
				MTL_ENABLE_DEBUG_INFO = NO;
				SDKROOT = iphoneos;
				VALIDATE_PRODUCT = YES;
			};
			name = Release;
		};
		65BBAB0C1C80134200B3A42B /* Debug */ = {
			isa = XCBuildConfiguration;
			buildSettings = {
				ASSETCATALOG_COMPILER_APPICON_NAME = AppIcon;
				INFOPLIST_FILE = ShotsImplementing/Info.plist;
				LD_RUNPATH_SEARCH_PATHS = "$(inherited) @executable_path/Frameworks";
				PRODUCT_BUNDLE_IDENTIFIER = self.fearless.ShotsImplementing;
				PRODUCT_NAME = "$(TARGET_NAME)";
			};
			name = Debug;
		};
		65BBAB0D1C80134200B3A42B /* Release */ = {
			isa = XCBuildConfiguration;
			buildSettings = {
				ASSETCATALOG_COMPILER_APPICON_NAME = AppIcon;
				INFOPLIST_FILE = ShotsImplementing/Info.plist;
				LD_RUNPATH_SEARCH_PATHS = "$(inherited) @executable_path/Frameworks";
				PRODUCT_BUNDLE_IDENTIFIER = self.fearless.ShotsImplementing;
				PRODUCT_NAME = "$(TARGET_NAME)";
			};
			name = Release;
		};
/* End XCBuildConfiguration section */

/* Begin XCConfigurationList section */
		65BBAAF41C80134200B3A42B /* Build configuration list for PBXProject "ShotsImplementing" */ = {
			isa = XCConfigurationList;
			buildConfigurations = (
				65BBAB091C80134200B3A42B /* Debug */,
				65BBAB0A1C80134200B3A42B /* Release */,
			);
			defaultConfigurationIsVisible = 0;
			defaultConfigurationName = Release;
		};
		65BBAB0B1C80134200B3A42B /* Build configuration list for PBXNativeTarget "ShotsImplementing" */ = {
			isa = XCConfigurationList;
			buildConfigurations = (
				65BBAB0C1C80134200B3A42B /* Debug */,
				65BBAB0D1C80134200B3A42B /* Release */,
			);
			defaultConfigurationIsVisible = 0;
			defaultConfigurationName = Release;
		};
/* End XCConfigurationList section */
	};
	rootObject = 65BBAAF11C80134200B3A42B /* Project object */;
}
